{
  "name": "helloworld",
  "version": "1.0.0",
  "lockfileVersion": 1,
  "requires": true,
  "dependencies": {
    "apifm-wxapi": {
      "version": "1.10.0",
      "resolved": "https://registry.npmjs.org/apifm-wxapi/-/apifm-wxapi-1.10.0.tgz",
      "integrity": "sha512-wA324RZnCdgQlI1+0klNHZKxB1tXUre47kSiLvQ5/xCCuGIMi174E7qWGjDPUtmFYkXJIjAc3x/3XVzpLfx2cg=="
    }
  }
}
