{
  "name": "helloworld",
  "version": "1.0.0",
  "lockfileVersion": 1,
  "requires": true,
  "dependencies": {
    "apifm-wxapi": {
      "version": "1.26.0",
      "resolved": "https://registry.npmjs.org/apifm-wxapi/-/apifm-wxapi-1.26.0.tgz",
      "integrity": "sha512-79xin9tsZt/Vp8cgAEZ0PRyeLoiJWvS9/GFxe5nMnyKfZLKFm1731XdiB1KHkLQuBqdcIWcrBQ+iGQs35mcYiA=="
    }
  }
}
