{
  "name": "helloworld",
  "version": "1.0.0",
  "lockfileVersion": 1,
  "requires": true,
  "dependencies": {
    "apifm-wxapi": {
      "version": "1.9.1",
      "resolved": "https://registry.npmjs.org/apifm-wxapi/-/apifm-wxapi-1.9.1.tgz",
      "integrity": "sha512-a++tmkuybWLLh7rOqNoIg5aZ68FW2l4IErbTtAH80XrHimmBVRvzHQG+xJaNKRpheJBaulLL1kFFl8ueHvkCBw=="
    }
  }
}
